
Microsoft Visual Studio Solution File, Format Version 12.00
# Visual Studio Version 16
VisualStudioVersion = 16.0.31515.178
MinimumVisualStudioVersion = 10.0.40219.1
Project("{FAE04EC0-301F-11D3-BF4B-00C04F79EFBC}") = "RadioButton and CheckBoxes", "RadioButton and CheckBoxes.csproj", "{B74D5CE7-32D9-4BC7-8121-7AB6234464C3}"
EndProject
Global
	GlobalSection(SolutionConfigurationPlatforms) = preSolution
		Debug|Any CPU = Debug|Any CPU
		Release|Any CPU = Release|Any CPU
	EndGlobalSection
	GlobalSection(ProjectConfigurationPlatforms) = postSolution
		{B74D5CE7-32D9-4BC7-8121-7AB6234464C3}.Debug|Any CPU.ActiveCfg = Debug|Any CPU
		{B74D5CE7-32D9-4BC7-8121-7AB6234464C3}.Debug|Any CPU.Build.0 = Debug|Any CPU
		{B74D5CE7-32D9-4BC7-8121-7AB6234464C3}.Release|Any CPU.ActiveCfg = Release|Any CPU
		{B74D5CE7-32D9-4BC7-8121-7AB6234464C3}.Release|Any CPU.Build.0 = Release|Any CPU
	EndGlobalSection
	GlobalSection(SolutionProperties) = preSolution
		HideSolutionNode = FALSE
	EndGlobalSection
	GlobalSection(ExtensibilityGlobals) = postSolution
		SolutionGuid = {7DC66DC2-3578-4E36-A80A-56A513D4663E}
	EndGlobalSection
EndGlobal
